
Microsoft Visual Studio Solution File, Format Version 12.00
# Visual Studio 15
VisualStudioVersion = 15.0.27703.2000
MinimumVisualStudioVersion = 10.0.40219.1
Project("{9A19103F-16F7-4668-BE54-9A1E7A4F7556}") = "viewer", "viewer\viewer.csproj", "{B76DCFAF-1283-4BE7-86E6-28FF41C300F0}"
EndProject
Global
	GlobalSection(SolutionConfigurationPlatforms) = preSolution
		Debug|Any CPU = Debug|Any CPU
		Release|Any CPU = Release|Any CPU
	EndGlobalSection
	GlobalSection(ProjectConfigurationPlatforms) = postSolution
		{B76DCFAF-1283-4BE7-86E6-28FF41C300F0}.Debug|Any CPU.ActiveCfg = Debug|Any CPU
		{B76DCFAF-1283-4BE7-86E6-28FF41C300F0}.Debug|Any CPU.Build.0 = Debug|Any CPU
		{B76DCFAF-1283-4BE7-86E6-28FF41C300F0}.Release|Any CPU.ActiveCfg = Release|Any CPU
		{B76DCFAF-1283-4BE7-86E6-28FF41C300F0}.Release|Any CPU.Build.0 = Release|Any CPU
	EndGlobalSection
	GlobalSection(SolutionProperties) = preSolution
		HideSolutionNode = FALSE
	EndGlobalSection
	GlobalSection(ExtensibilityGlobals) = postSolution
		SolutionGuid = {A9E98DBE-C8B1-4612-A197-DD257FEF3709}
	EndGlobalSection
EndGlobal
